{
  "meteor": {},
  "dependencies": {
    "basePackages": {
      "iron-router": {},
      "iron-router-progress": {},
      "jade-handlebars-refactored": {},
      "bootstrap-datepicker2": {},
      "underscore-string-latest": {},
      "spin": {},
      "fastclick": {},
      "modernizr-meteor": {}
    },
    "packages": {
      "iron-router": {
        "git": "https://github.com/EventedMind/iron-router.git",
        "tag": "v0.6.4",
        "commit": "927bbaed1b87894fb6fb70807f74ff3a5bd89f29"
      },
      "iron-router-progress": {
        "git": "https://github.com/Multiply/iron-router-progress.git",
        "tag": "v0.2.0",
        "commit": "ce730d1d26feadb7c75ea25f22c5bfdb0c549a8b"
      },
      "jade-handlebars-refactored": {
        "git": "https://github.com/tptee/meteor-jade-handlebars.git",
        "tag": "v0.2.8",
        "commit": "ebddc96c0b6315421065ffd567f0b48727160689"
      },
      "bootstrap-datepicker2": {
        "git": "https://github.com/deepwell/meteor-bootstrap-datepicker.git",
        "tag": "v1.2.0",
        "commit": "b7de18a7cc651ea665cda75048663f90d1a11d10"
      },
      "underscore-string-latest": {
        "git": "https://github.com/TimHeckel/meteor-underscore-string.git",
        "tag": "v2.3.3",
        "commit": "4a5d70eee48fbd90a6e6fc78747250d704a0b3bb"
      },
      "spin": {
        "git": "https://github.com/SachaG/meteor-spin.git",
        "tag": "v0.2.2",
        "commit": "3f655f0016228e4195acc784c45d3e3a247dc39f"
      },
      "fastclick": {
        "git": "https://github.com/percolatestudio/meteor-fastclick",
        "tag": "v0.6.7",
        "commit": "fcb3bfd34d9f6874e626b4e24e8f54107938db41"
      },
      "modernizr-meteor": {
        "git": "https://github.com/ckir/modernizr-meteor.git",
        "tag": "v2.6.2",
        "commit": "391ca2a3beff3cd2b0e1099cb2d744b5a2e8a73e"
      }
    }
  }
}
